
Microsoft Visual Studio Solution File, Format Version 12.00
# Visual Studio Version 17
VisualStudioVersion = 17.5.002.0
MinimumVisualStudioVersion = 10.0.40219.1
Project("{9A19103F-16F7-4668-BE54-9A1E7A4F7556}") = "StaticSite", "wwwroot\StaticSite.csproj", "{F1B27218-C1C5-40AE-9A16-CAB625EFAB67}"
EndProject
Global
	GlobalSection(SolutionConfigurationPlatforms) = preSolution
		Debug|Any CPU = Debug|Any CPU
		Release|Any CPU = Release|Any CPU
	EndGlobalSection
	GlobalSection(ProjectConfigurationPlatforms) = postSolution
		{F1B27218-C1C5-40AE-9A16-CAB625EFAB67}.Debug|Any CPU.ActiveCfg = Debug|Any CPU
		{F1B27218-C1C5-40AE-9A16-CAB625EFAB67}.Debug|Any CPU.Build.0 = Debug|Any CPU
		{F1B27218-C1C5-40AE-9A16-CAB625EFAB67}.Release|Any CPU.ActiveCfg = Release|Any CPU
		{F1B27218-C1C5-40AE-9A16-CAB625EFAB67}.Release|Any CPU.Build.0 = Release|Any CPU
	EndGlobalSection
	GlobalSection(SolutionProperties) = preSolution
		HideSolutionNode = FALSE
	EndGlobalSection
	GlobalSection(ExtensibilityGlobals) = postSolution
		SolutionGuid = {6071AB3F-0946-45C0-AED5-AFC87EE4B73A}
	EndGlobalSection
EndGlobal
