
Microsoft Visual Studio Solution File, Format Version 12.00
# Visual Studio Version 17
VisualStudioVersion = 17.0.31903.59
MinimumVisualStudioVersion = 10.0.40219.1
Project("{FAE04EC0-301F-11D3-BF4B-00C04F79EFBC}") = "StaticSiteExample", "StaticSiteExample.csproj", "{0B662812-1AC1-483B-9F4F-0E60F2BAE8CE}"
EndProject
Global
	GlobalSection(SolutionConfigurationPlatforms) = preSolution
		Debug|Any CPU = Debug|Any CPU
		Release|Any CPU = Release|Any CPU
	EndGlobalSection
	GlobalSection(SolutionProperties) = preSolution
		HideSolutionNode = FALSE
	EndGlobalSection
	GlobalSection(ProjectConfigurationPlatforms) = postSolution
		{0B662812-1AC1-483B-9F4F-0E60F2BAE8CE}.Debug|Any CPU.ActiveCfg = Debug|Any CPU
		{0B662812-1AC1-483B-9F4F-0E60F2BAE8CE}.Debug|Any CPU.Build.0 = Debug|Any CPU
		{0B662812-1AC1-483B-9F4F-0E60F2BAE8CE}.Release|Any CPU.ActiveCfg = Release|Any CPU
		{0B662812-1AC1-483B-9F4F-0E60F2BAE8CE}.Release|Any CPU.Build.0 = Release|Any CPU
	EndGlobalSection
EndGlobal
